// !$*UTF8*$!
{
	archiveVersion = 1;
	classes = {
	};
	objectVersion = 77;
	objects = {

/* Begin PBXContainerItemProxy section */
		210AF5DC2E30087B0027A86F /* PBXContainerItemProxy */ = {
			isa = PBXContainerItemProxy;
			containerPortal = 210AF5C62E30087A0027A86F /* Project object */;
			proxyType = 1;
			remoteGlobalIDString = 210AF5CD2E30087A0027A86F;
			remoteInfo = MapAppSwift;
		};
		210AF5E62E30087B0027A86F /* PBXContainerItemProxy */ = {
			isa = PBXContainerItemProxy;
			containerPortal = 210AF5C62E30087A0027A86F /* Project object */;
			proxyType = 1;
			remoteGlobalIDString = 210AF5CD2E30087A0027A86F;
			remoteInfo = MapAppSwift;
		};
/* End PBXContainerItemProxy section */

/* Begin PBXFileReference section */
		210AF5CE2E30087A0027A86F /* MapAppSwift.app */ = {isa = PBXFileReference; explicitFileType = wrapper.application; includeInIndex = 0; path = MapAppSwift.app; sourceTree = BUILT_PRODUCTS_DIR; };
		210AF5DB2E30087B0027A86F /* MapAppSwiftTests.xctest */ = {isa = PBXFileReference; explicitFileType = wrapper.cfbundle; includeInIndex = 0; path = MapAppSwiftTests.xctest; sourceTree = BUILT_PRODUCTS_DIR; };
		210AF5E52E30087B0027A86F /* MapAppSwiftUITests.xctest */ = {isa = PBXFileReference; explicitFileType = wrapper.cfbundle; includeInIndex = 0; path = MapAppSwiftUITests.xctest; sourceTree = BUILT_PRODUCTS_DIR; };
/* End PBXFileReference section */

/* Begin PBXFileSystemSynchronizedBuildFileExceptionSet section */
		210AF5FC2E3008FB0027A86F /* Exceptions for "MapAppSwift" folder in "MapAppSwiftUITests" target */ = {
			isa = PBXFileSystemSynchronizedBuildFileExceptionSet;
			membershipExceptions = (
				Assets.xcassets,
			);
			target = 210AF5E42E30087B0027A86F /* MapAppSwiftUITests */;
		};
		21888FA12E343118001499AB /* Exceptions for "MapAppSwift" folder in "MapAppSwift" target */ = {
			isa = PBXFileSystemSynchronizedBuildFileExceptionSet;
			membershipExceptions = (
				Info.plist,
			);
			target = 210AF5CD2E30087A0027A86F /* MapAppSwift */;
		};
/* End PBXFileSystemSynchronizedBuildFileExceptionSet section */

/* Begin PBXFileSystemSynchronizedRootGroup section */
		210AF5D02E30087A0027A86F /* MapAppSwift */ = {
			isa = PBXFileSystemSynchronizedRootGroup;
			exceptions = (
				21888FA12E343118001499AB /* Exceptions for "MapAppSwift" folder in "MapAppSwift" target */,
				210AF5FC2E3008FB0027A86F /* Exceptions for "MapAppSwift" folder in "MapAppSwiftUITests" target */,
			);
			path = MapAppSwift;
			sourceTree = "<group>";
		};
		210AF5DE2E30087B0027A86F /* MapAppSwiftTests */ = {
			isa = PBXFileSystemSynchronizedRootGroup;
			path = MapAppSwiftTests;
			sourceTree = "<group>";
		};
		210AF5E82E30087B0027A86F /* MapAppSwiftUITests */ = {
			isa = PBXFileSystemSynchronizedRootGroup;
			path = MapAppSwiftUITests;
			sourceTree = "<group>";
		};
/* End PBXFileSystemSynchronizedRootGroup section */

/* Begin PBXFrameworksBuildPhase section */
		210AF5CB2E30087A0027A86F /* Frameworks */ = {
			isa = PBXFrameworksBuildPhase;
			buildActionMask = 2147483647;
			files = (
			);
			runOnlyForDeploymentPostprocessing = 0;
		};
		210AF5D82E30087B0027A86F /* Frameworks */ = {
			isa = PBXFrameworksBuildPhase;
			buildActionMask = 2147483647;
			files = (
			);
			runOnlyForDeploymentPostprocessing = 0;
		};
		210AF5E22E30087B0027A86F /* Frameworks */ = {
			isa = PBXFrameworksBuildPhase;
			buildActionMask = 2147483647;
			files = (
			);
			runOnlyForDeploymentPostprocessing = 0;
		};
/* End PBXFrameworksBuildPhase section */

/* Begin PBXGroup section */
		210AF5C52E30087A0027A86F = {
			isa = PBXGroup;
			children = (
				210AF5D02E30087A0027A86F /* MapAppSwift */,
				210AF5DE2E30087B0027A86F /* MapAppSwiftTests */,
				210AF5E82E30087B0027A86F /* MapAppSwiftUITests */,
				210AF5CF2E30087A0027A86F /* Products */,
			);
			sourceTree = "<group>";
		};
		210AF5CF2E30087A0027A86F /* Products */ = {
			isa = PBXGroup;
			children = (
				210AF5CE2E30087A0027A86F /* MapAppSwift.app */,
				210AF5DB2E30087B0027A86F /* MapAppSwiftTests.xctest */,
				210AF5E52E30087B0027A86F /* MapAppSwiftUITests.xctest */,
			);
			name = Products;
			sourceTree = "<group>";
		};
/* End PBXGroup section */

/* Begin PBXNativeTarget section */
		210AF5CD2E30087A0027A86F /* MapAppSwift */ = {
			isa = PBXNativeTarget;
			buildConfigurationList = 210AF5EF2E30087B0027A86F /* Build configuration list for PBXNativeTarget "MapAppSwift" */;
			buildPhases = (
				210AF5CA2E30087A0027A86F /* Sources */,
				210AF5CB2E30087A0027A86F /* Frameworks */,
				210AF5CC2E30087A0027A86F /* Resources */,
			);
			buildRules = (
			);
			dependencies = (
			);
			fileSystemSynchronizedGroups = (
				210AF5D02E30087A0027A86F /* MapAppSwift */,
			);
			name = MapAppSwift;
			packageProductDependencies = (
			);
			productName = MapAppSwift;
			productReference = 210AF5CE2E30087A0027A86F /* MapAppSwift.app */;
			productType = "com.apple.product-type.application";
		};
		210AF5DA2E30087B0027A86F /* MapAppSwiftTests */ = {
			isa = PBXNativeTarget;
			buildConfigurationList = 210AF5F22E30087B0027A86F /* Build configuration list for PBXNativeTarget "MapAppSwiftTests" */;
			buildPhases = (
				210AF5D72E30087B0027A86F /* Sources */,
				210AF5D82E30087B0027A86F /* Frameworks */,
				210AF5D92E30087B0027A86F /* Resources */,
			);
			buildRules = (
			);
			dependencies = (
				210AF5DD2E30087B0027A86F /* PBXTargetDependency */,
			);
			fileSystemSynchronizedGroups = (
				210AF5DE2E30087B0027A86F /* MapAppSwiftTests */,
			);
			name = MapAppSwiftTests;
			packageProductDependencies = (
			);
			productName = MapAppSwiftTests;
			productReference = 210AF5DB2E30087B0027A86F /* MapAppSwiftTests.xctest */;
			productType = "com.apple.product-type.bundle.unit-test";
		};
		210AF5E42E30087B0027A86F /* MapAppSwiftUITests */ = {
			isa = PBXNativeTarget;
			buildConfigurationList = 210AF5F52E30087B0027A86F /* Build configuration list for PBXNativeTarget "MapAppSwiftUITests" */;
			buildPhases = (
				210AF5E12E30087B0027A86F /* Sources */,
				210AF5E22E30087B0027A86F /* Frameworks */,
				210AF5E32E30087B0027A86F /* Resources */,
			);
			buildRules = (
			);
			dependencies = (
				210AF5E72E30087B0027A86F /* PBXTargetDependency */,
			);
			fileSystemSynchronizedGroups = (
				210AF5E82E30087B0027A86F /* MapAppSwiftUITests */,
			);
			name = MapAppSwiftUITests;
			packageProductDependencies = (
			);
			productName = MapAppSwiftUITests;
			productReference = 210AF5E52E30087B0027A86F /* MapAppSwiftUITests.xctest */;
			productType = "com.apple.product-type.bundle.ui-testing";
		};
/* End PBXNativeTarget section */

/* Begin PBXProject section */
		210AF5C62E30087A0027A86F /* Project object */ = {
			isa = PBXProject;
			attributes = {
				BuildIndependentTargetsInParallel = 1;
				LastSwiftUpdateCheck = 1640;
				LastUpgradeCheck = 1640;
				TargetAttributes = {
					210AF5CD2E30087A0027A86F = {
						CreatedOnToolsVersion = 16.4;
					};
					210AF5DA2E30087B0027A86F = {
						CreatedOnToolsVersion = 16.4;
						TestTargetID = 210AF5CD2E30087A0027A86F;
					};
					210AF5E42E30087B0027A86F = {
						CreatedOnToolsVersion = 16.4;
						TestTargetID = 210AF5CD2E30087A0027A86F;
					};
				};
			};
			buildConfigurationList = 210AF5C92E30087A0027A86F /* Build configuration list for PBXProject "MapAppSwift" */;
			developmentRegion = en;
			hasScannedForEncodings = 0;
			knownRegions = (
				en,
				Base,
			);
			mainGroup = 210AF5C52E30087A0027A86F;
			minimizedProjectReferenceProxies = 1;
			preferredProjectObjectVersion = 77;
			productRefGroup = 210AF5CF2E30087A0027A86F /* Products */;
			projectDirPath = "";
			projectRoot = "";
			targets = (
				210AF5CD2E30087A0027A86F /* MapAppSwift */,
				210AF5DA2E30087B0027A86F /* MapAppSwiftTests */,
				210AF5E42E30087B0027A86F /* MapAppSwiftUITests */,
			);
		};
/* End PBXProject section */

/* Begin PBXResourcesBuildPhase section */
		210AF5CC2E30087A0027A86F /* Resources */ = {
			isa = PBXResourcesBuildPhase;
			buildActionMask = 2147483647;
			files = (
			);
			runOnlyForDeploymentPostprocessing = 0;
		};
		210AF5D92E30087B0027A86F /* Resources */ = {
			isa = PBXResourcesBuildPhase;
			buildActionMask = 2147483647;
			files = (
			);
			runOnlyForDeploymentPostprocessing = 0;
		};
		210AF5E32E30087B0027A86F /* Resources */ = {
			isa = PBXResourcesBuildPhase;
			buildActionMask = 2147483647;
			files = (
			);
			runOnlyForDeploymentPostprocessing = 0;
		};
/* End PBXResourcesBuildPhase section */

/* Begin PBXSourcesBuildPhase section */
		210AF5CA2E30087A0027A86F /* Sources */ = {
			isa = PBXSourcesBuildPhase;
			buildActionMask = 2147483647;
			files = (
			);
			runOnlyForDeploymentPostprocessing = 0;
		};
		210AF5D72E30087B0027A86F /* Sources */ = {
			isa = PBXSourcesBuildPhase;
			buildActionMask = 2147483647;
			files = (
			);
			runOnlyForDeploymentPostprocessing = 0;
		};
		210AF5E12E30087B0027A86F /* Sources */ = {
			isa = PBXSourcesBuildPhase;
			buildActionMask = 2147483647;
			files = (
			);
			runOnlyForDeploymentPostprocessing = 0;
		};
/* End PBXSourcesBuildPhase section */

/* Begin PBXTargetDependency section */
		210AF5DD2E30087B0027A86F /* PBXTargetDependency */ = {
			isa = PBXTargetDependency;
			target = 210AF5CD2E30087A0027A86F /* MapAppSwift */;
			targetProxy = 210AF5DC2E30087B0027A86F /* PBXContainerItemProxy */;
		};
		210AF5E72E30087B0027A86F /* PBXTargetDependency */ = {
			isa = PBXTargetDependency;
			target = 210AF5CD2E30087A0027A86F /* MapAppSwift */;
			targetProxy = 210AF5E62E30087B0027A86F /* PBXContainerItemProxy */;
		};
/* End PBXTargetDependency section */

/* Begin XCBuildConfiguration section */
		210AF5ED2E30087B0027A86F /* Debug */ = {
			isa = XCBuildConfiguration;
			buildSettings = {
				ALWAYS_SEARCH_USER_PATHS = NO;
				ASSETCATALOG_COMPILER_GENERATE_SWIFT_ASSET_SYMBOL_EXTENSIONS = YES;
				CLANG_ANALYZER_NONNULL = YES;
				CLANG_ANALYZER_NUMBER_OBJECT_CONVERSION = YES_AGGRESSIVE;
				CLANG_CXX_LANGUAGE_STANDARD = "gnu++20";
				CLANG_ENABLE_MODULES = YES;
				CLANG_ENABLE_OBJC_ARC = YES;
				CLANG_ENABLE_OBJC_WEAK = YES;
				CLANG_WARN_BLOCK_CAPTURE_AUTORELEASING = YES;
				CLANG_WARN_BOOL_CONVERSION = YES;
				CLANG_WARN_COMMA = YES;
				CLANG_WARN_CONSTANT_CONVERSION = YES;
				CLANG_WARN_DEPRECATED_OBJC_IMPLEMENTATIONS = YES;
				CLANG_WARN_DIRECT_OBJC_ISA_USAGE = YES_ERROR;
				CLANG_WARN_DOCUMENTATION_COMMENTS = YES;
				CLANG_WARN_EMPTY_BODY = YES;
				CLANG_WARN_ENUM_CONVERSION = YES;
				CLANG_WARN_INFINITE_RECURSION = YES;
				CLANG_WARN_INT_CONVERSION = YES;
				CLANG_WARN_NON_LITERAL_NULL_CONVERSION = YES;
				CLANG_WARN_OBJC_IMPLICIT_RETAIN_SELF = YES;
				CLANG_WARN_OBJC_LITERAL_CONVERSION = YES;
				CLANG_WARN_OBJC_ROOT_CLASS = YES_ERROR;
				CLANG_WARN_QUOTED_INCLUDE_IN_FRAMEWORK_HEADER = YES;
				CLANG_WARN_RANGE_LOOP_ANALYSIS = YES;
				CLANG_WARN_STRICT_PROTOTYPES = YES;
				CLANG_WARN_SUSPICIOUS_MOVE = YES;
				CLANG_WARN_UNGUARDED_AVAILABILITY = YES_AGGRESSIVE;
				CLANG_WARN_UNREACHABLE_CODE = YES;
				CLANG_WARN__DUPLICATE_METHOD_MATCH = YES;
				COPY_PHASE_STRIP = NO;
				DEBUG_INFORMATION_FORMAT = dwarf;
				ENABLE_STRICT_OBJC_MSGSEND = YES;
				ENABLE_TESTABILITY = YES;
				ENABLE_USER_SCRIPT_SANDBOXING = YES;
				GCC_C_LANGUAGE_STANDARD = gnu17;
				GCC_DYNAMIC_NO_PIC = NO;
				GCC_NO_COMMON_BLOCKS = YES;
				GCC_OPTIMIZATION_LEVEL = 0;
				GCC_PREPROCESSOR_DEFINITIONS = (
					"DEBUG=1",
					"$(inherited)",
				);
				GCC_WARN_64_TO_32_BIT_CONVERSION = YES;
				GCC_WARN_ABOUT_RETURN_TYPE = YES_ERROR;
				GCC_WARN_UNDECLARED_SELECTOR = YES;
				GCC_WARN_UNINITIALIZED_AUTOS = YES_AGGRESSIVE;
				GCC_WARN_UNUSED_FUNCTION = YES;
				GCC_WARN_UNUSED_VARIABLE = YES;
				IPHONEOS_DEPLOYMENT_TARGET = 18.5;
				LOCALIZATION_PREFERS_STRING_CATALOGS = YES;
				MTL_ENABLE_DEBUG_INFO = INCLUDE_SOURCE;
				MTL_FAST_MATH = YES;
				ONLY_ACTIVE_ARCH = YES;
				SDKROOT = iphoneos;
				SWIFT_ACTIVE_COMPILATION_CONDITIONS = "DEBUG $(inherited)";
				SWIFT_OPTIMIZATION_LEVEL = "-Onone";
			};
			name = Debug;
		};
		210AF5EE2E30087B0027A86F /* Release */ = {
			isa = XCBuildConfiguration;
			buildSettings = {
				ALWAYS_SEARCH_USER_PATHS = NO;
				ASSETCATALOG_COMPILER_GENERATE_SWIFT_ASSET_SYMBOL_EXTENSIONS = YES;
				CLANG_ANALYZER_NONNULL = YES;
				CLANG_ANALYZER_NUMBER_OBJECT_CONVERSION = YES_AGGRESSIVE;
				CLANG_CXX_LANGUAGE_STANDARD = "gnu++20";
				CLANG_ENABLE_MODULES = YES;
				CLANG_ENABLE_OBJC_ARC = YES;
				CLANG_ENABLE_OBJC_WEAK = YES;
				CLANG_WARN_BLOCK_CAPTURE_AUTORELEASING = YES;
				CLANG_WARN_BOOL_CONVERSION = YES;
				CLANG_WARN_COMMA = YES;
				CLANG_WARN_CONSTANT_CONVERSION = YES;
				CLANG_WARN_DEPRECATED_OBJC_IMPLEMENTATIONS = YES;
				CLANG_WARN_DIRECT_OBJC_ISA_USAGE = YES_ERROR;
				CLANG_WARN_DOCUMENTATION_COMMENTS = YES;
				CLANG_WARN_EMPTY_BODY = YES;
				CLANG_WARN_ENUM_CONVERSION = YES;
				CLANG_WARN_INFINITE_RECURSION = YES;
				CLANG_WARN_INT_CONVERSION = YES;
				CLANG_WARN_NON_LITERAL_NULL_CONVERSION = YES;
				CLANG_WARN_OBJC_IMPLICIT_RETAIN_SELF = YES;
				CLANG_WARN_OBJC_LITERAL_CONVERSION = YES;
				CLANG_WARN_OBJC_ROOT_CLASS = YES_ERROR;
				CLANG_WARN_QUOTED_INCLUDE_IN_FRAMEWORK_HEADER = YES;
				CLANG_WARN_RANGE_LOOP_ANALYSIS = YES;
				CLANG_WARN_STRICT_PROTOTYPES = YES;
				CLANG_WARN_SUSPICIOUS_MOVE = YES;
				CLANG_WARN_UNGUARDED_AVAILABILITY = YES_AGGRESSIVE;
				CLANG_WARN_UNREACHABLE_CODE = YES;
				CLANG_WARN__DUPLICATE_METHOD_MATCH = YES;
				COPY_PHASE_STRIP = NO;
				DEBUG_INFORMATION_FORMAT = "dwarf-with-dsym";
				ENABLE_NS_ASSERTIONS = NO;
				ENABLE_STRICT_OBJC_MSGSEND = YES;
				ENABLE_USER_SCRIPT_SANDBOXING = YES;
				GCC_C_LANGUAGE_STANDARD = gnu17;
				GCC_NO_COMMON_BLOCKS = YES;
				GCC_WARN_64_TO_32_BIT_CONVERSION = YES;
				GCC_WARN_ABOUT_RETURN_TYPE = YES_ERROR;
				GCC_WARN_UNDECLARED_SELECTOR = YES;
				GCC_WARN_UNINITIALIZED_AUTOS = YES_AGGRESSIVE;
				GCC_WARN_UNUSED_FUNCTION = YES;
				GCC_WARN_UNUSED_VARIABLE = YES;
				IPHONEOS_DEPLOYMENT_TARGET = 18.5;
				LOCALIZATION_PREFERS_STRING_CATALOGS = YES;
				MTL_ENABLE_DEBUG_INFO = NO;
				MTL_FAST_MATH = YES;
				SDKROOT = iphoneos;
				SWIFT_COMPILATION_MODE = wholemodule;
				VALIDATE_PRODUCT = YES;
			};
			name = Release;
		};
		210AF5F02E30087B0027A86F /* Debug */ = {
			isa = XCBuildConfiguration;
			buildSettings = {
				ASSETCATALOG_COMPILER_APPICON_NAME = AppIcon;
				ASSETCATALOG_COMPILER_GLOBAL_ACCENT_COLOR_NAME = AccentColor;
				CODE_SIGN_STYLE = Automatic;
				CURRENT_PROJECT_VERSION = 1;
				ENABLE_PREVIEWS = YES;
				GENERATE_INFOPLIST_FILE = YES;
				INFOPLIST_FILE = MapAppSwift/Info.plist;
				INFOPLIST_KEY_UIApplicationSceneManifest_Generation = YES;
				INFOPLIST_KEY_UIApplicationSupportsIndirectInputEvents = YES;
				INFOPLIST_KEY_UISupportedInterfaceOrientations = UIInterfaceOrientationPortrait;
				INFOPLIST_KEY_UISupportedInterfaceOrientations_iPad = "UIInterfaceOrientationLandscapeLeft UIInterfaceOrientationLandscapeRight UIInterfaceOrientationPortrait UIInterfaceOrientationPortraitUpsideDown";
				LD_RUNPATH_SEARCH_PATHS = (
					"$(inherited)",
					"@executable_path/Frameworks",
				);
				MARKETING_VERSION = 1.0;
				PRODUCT_BUNDLE_IDENTIFIER = com.djordjesapps.MapAppSwift;
				PRODUCT_NAME = "$(TARGET_NAME)";
				SWIFT_EMIT_LOC_STRINGS = YES;
				SWIFT_VERSION = 5.0;
				TARGETED_DEVICE_FAMILY = "1,2";
			};
			name = Debug;
		};
		210AF5F12E30087B0027A86F /* Release */ = {
			isa = XCBuildConfiguration;
			buildSettings = {
				ASSETCATALOG_COMPILER_APPICON_NAME = AppIcon;
				ASSETCATALOG_COMPILER_GLOBAL_ACCENT_COLOR_NAME = AccentColor;
				CODE_SIGN_STYLE = Automatic;
				CURRENT_PROJECT_VERSION = 1;
				ENABLE_PREVIEWS = YES;
				GENERATE_INFOPLIST_FILE = YES;
				INFOPLIST_FILE = MapAppSwift/Info.plist;
				INFOPLIST_KEY_UIApplicationSceneManifest_Generation = YES;
				INFOPLIST_KEY_UIApplicationSupportsIndirectInputEvents = YES;
				INFOPLIST_KEY_UISupportedInterfaceOrientations = UIInterfaceOrientationPortrait;
				INFOPLIST_KEY_UISupportedInterfaceOrientations_iPad = "UIInterfaceOrientationLandscapeLeft UIInterfaceOrientationLandscapeRight UIInterfaceOrientationPortrait UIInterfaceOrientationPortraitUpsideDown";
				LD_RUNPATH_SEARCH_PATHS = (
					"$(inherited)",
					"@executable_path/Frameworks",
				);
				MARKETING_VERSION = 1.0;
				PRODUCT_BUNDLE_IDENTIFIER = com.djordjesapps.MapAppSwift;
				PRODUCT_NAME = "$(TARGET_NAME)";
				SWIFT_EMIT_LOC_STRINGS = YES;
				SWIFT_VERSION = 5.0;
				TARGETED_DEVICE_FAMILY = "1,2";
			};
			name = Release;
		};
		210AF5F32E30087B0027A86F /* Debug */ = {
			isa = XCBuildConfiguration;
			buildSettings = {
				BUNDLE_LOADER = "$(TEST_HOST)";
				CODE_SIGN_STYLE = Automatic;
				CURRENT_PROJECT_VERSION = 1;
				GENERATE_INFOPLIST_FILE = YES;
				IPHONEOS_DEPLOYMENT_TARGET = 18.5;
				MARKETING_VERSION = 1.0;
				PRODUCT_BUNDLE_IDENTIFIER = com.djordjesapps.MapAppSwiftTests;
				PRODUCT_NAME = "$(TARGET_NAME)";
				SWIFT_EMIT_LOC_STRINGS = NO;
				SWIFT_VERSION = 5.0;
				TARGETED_DEVICE_FAMILY = "1,2";
				TEST_HOST = "$(BUILT_PRODUCTS_DIR)/MapAppSwift.app/$(BUNDLE_EXECUTABLE_FOLDER_PATH)/MapAppSwift";
			};
			name = Debug;
		};
		210AF5F42E30087B0027A86F /* Release */ = {
			isa = XCBuildConfiguration;
			buildSettings = {
				BUNDLE_LOADER = "$(TEST_HOST)";
				CODE_SIGN_STYLE = Automatic;
				CURRENT_PROJECT_VERSION = 1;
				GENERATE_INFOPLIST_FILE = YES;
				IPHONEOS_DEPLOYMENT_TARGET = 18.5;
				MARKETING_VERSION = 1.0;
				PRODUCT_BUNDLE_IDENTIFIER = com.djordjesapps.MapAppSwiftTests;
				PRODUCT_NAME = "$(TARGET_NAME)";
				SWIFT_EMIT_LOC_STRINGS = NO;
				SWIFT_VERSION = 5.0;
				TARGETED_DEVICE_FAMILY = "1,2";
				TEST_HOST = "$(BUILT_PRODUCTS_DIR)/MapAppSwift.app/$(BUNDLE_EXECUTABLE_FOLDER_PATH)/MapAppSwift";
			};
			name = Release;
		};
		210AF5F62E30087B0027A86F /* Debug */ = {
			isa = XCBuildConfiguration;
			buildSettings = {
				CODE_SIGN_STYLE = Automatic;
				CURRENT_PROJECT_VERSION = 1;
				GENERATE_INFOPLIST_FILE = YES;
				MARKETING_VERSION = 1.0;
				PRODUCT_BUNDLE_IDENTIFIER = com.djordjesapps.MapAppSwiftUITests;
				PRODUCT_NAME = "$(TARGET_NAME)";
				SWIFT_EMIT_LOC_STRINGS = NO;
				SWIFT_VERSION = 5.0;
				TARGETED_DEVICE_FAMILY = "1,2";
				TEST_TARGET_NAME = MapAppSwift;
			};
			name = Debug;
		};
		210AF5F72E30087B0027A86F /* Release */ = {
			isa = XCBuildConfiguration;
			buildSettings = {
				CODE_SIGN_STYLE = Automatic;
				CURRENT_PROJECT_VERSION = 1;
				GENERATE_INFOPLIST_FILE = YES;
				MARKETING_VERSION = 1.0;
				PRODUCT_BUNDLE_IDENTIFIER = com.djordjesapps.MapAppSwiftUITests;
				PRODUCT_NAME = "$(TARGET_NAME)";
				SWIFT_EMIT_LOC_STRINGS = NO;
				SWIFT_VERSION = 5.0;
				TARGETED_DEVICE_FAMILY = "1,2";
				TEST_TARGET_NAME = MapAppSwift;
			};
			name = Release;
		};
/* End XCBuildConfiguration section */

/* Begin XCConfigurationList section */
		210AF5C92E30087A0027A86F /* Build configuration list for PBXProject "MapAppSwift" */ = {
			isa = XCConfigurationList;
			buildConfigurations = (
				210AF5ED2E30087B0027A86F /* Debug */,
				210AF5EE2E30087B0027A86F /* Release */,
			);
			defaultConfigurationIsVisible = 0;
			defaultConfigurationName = Release;
		};
		210AF5EF2E30087B0027A86F /* Build configuration list for PBXNativeTarget "MapAppSwift" */ = {
			isa = XCConfigurationList;
			buildConfigurations = (
				210AF5F02E30087B0027A86F /* Debug */,
				210AF5F12E30087B0027A86F /* Release */,
			);
			defaultConfigurationIsVisible = 0;
			defaultConfigurationName = Release;
		};
		210AF5F22E30087B0027A86F /* Build configuration list for PBXNativeTarget "MapAppSwiftTests" */ = {
			isa = XCConfigurationList;
			buildConfigurations = (
				210AF5F32E30087B0027A86F /* Debug */,
				210AF5F42E30087B0027A86F /* Release */,
			);
			defaultConfigurationIsVisible = 0;
			defaultConfigurationName = Release;
		};
		210AF5F52E30087B0027A86F /* Build configuration list for PBXNativeTarget "MapAppSwiftUITests" */ = {
			isa = XCConfigurationList;
			buildConfigurations = (
				210AF5F62E30087B0027A86F /* Debug */,
				210AF5F72E30087B0027A86F /* Release */,
			);
			defaultConfigurationIsVisible = 0;
			defaultConfigurationName = Release;
		};
/* End XCConfigurationList section */
	};
	rootObject = 210AF5C62E30087A0027A86F /* Project object */;
}
